Microsoft Visual Studio Solution File, Format Version 7.00
Project("{8BC9CEB8-8B4A-11D0-8D11-00A0C91BC942}") = "OGLMDI_VS7", "OGLMDI_VS7.vcproj", "{CA7E37DD-2244-4D04-BEF7-7E19FEA6ADE8}"
EndProject
Global
	GlobalSection(SolutionConfiguration) = preSolution
		ConfigName.0 = Debug
		ConfigName.1 = Release
	EndGlobalSection
	GlobalSection(ProjectDependencies) = postSolution
	EndGlobalSection
	GlobalSection(ProjectConfiguration) = postSolution
		{CA7E37DD-2244-4D04-BEF7-7E19FEA6ADE8}.Debug.ActiveCfg = Debug|Win32
		{CA7E37DD-2244-4D04-BEF7-7E19FEA6ADE8}.Debug.Build.0 = Debug|Win32
		{CA7E37DD-2244-4D04-BEF7-7E19FEA6ADE8}.Release.ActiveCfg = Release|Win32
		{CA7E37DD-2244-4D04-BEF7-7E19FEA6ADE8}.Release.Build.0 = Release|Win32
	EndGlobalSection
	GlobalSection(ExtensibilityGlobals) = postSolution
	EndGlobalSection
	GlobalSection(ExtensibilityAddIns) = postSolution
	EndGlobalSection
EndGlobal
